{
  "name": "bitnacle",
  "version": "1.1.0-beta",
  "lockfileVersion": 1,
  "requires": true,
  "dependencies": {
    "bitnacle-helpers": {
      "version": "1.1.0-beta",
      "resolved": "https://registry.npmjs.org/bitnacle-helpers/-/bitnacle-helpers-1.1.0-beta.tgz",
      "integrity": "sha512-3MwvX9QSDSZDh5GyrDJ0625g9UTm7GKCStY0GpR2v/ooGH9zOipk7o0/lNWd3axjBhOhise1lzgScQHnNx6rtQ=="
    }
  }
}
