{
  "name": "bitnacle",
  "version": "1.0.0-beta",
  "lockfileVersion": 1,
  "requires": true,
  "dependencies": {
    "bitnacle-helpers": {
      "version": "1.0.0-beta",
      "resolved": "https://registry.npmjs.org/bitnacle-helpers/-/bitnacle-helpers-1.0.0-beta.tgz",
      "integrity": "sha512-a/cJbND54gfxyssTI5cxI1hE7M6fPrtjP/ghHsv73vv+A43cYPxAVtS5yGfDAk3qvjnQBV+UH7xk1ylvsTQYqA=="
    }
  }
}
